{
  "version": 4,
  "terraform_version": "1.9.8",
  "serial": 101,
  "lineage": "7f8a05aa-bf91-66d0-e277-05ba368f2085",
  "outputs": {
    "api_gateway_url": {
      "value": "https://7vyi67gjae.execute-api.us-east-1.amazonaws.com/dev",
      "type": "string"
    },
    "cognito_user_pool_id": {
      "value": "us-east-1_dNG8itKVt",
      "type": "string"
    },
    "lambda_function_arn": {
      "value": "arn:aws:lambda:us-east-1:207151609511:function:authorization",
      "type": "string"
    }
  },
  "resources": [
    {
      "module": "module.apigateway",
      "mode": "managed",
      "type": "aws_api_gateway_authorizer",
      "name": "lambda_authorizer",
      "provider": "provider[\"registry.terraform.io/hashicorp/aws\"]",
      "instances": [
        {
          "schema_version": 0,
          "attributes": {
            "arn": "arn:aws:apigateway:us-east-1::/restapis/7vyi67gjae/authorizers/rz0ja2",
            "authorizer_credentials": "",
            "authorizer_result_ttl_in_seconds": 300,
            "authorizer_uri": "arn:aws:apigateway:us-east-1:lambda:path/2015-03-31/functions/arn:aws:lambda:us-east-1:207151609511:function:authorization/invocations",
            "id": "rz0ja2",
            "identity_source": "method.request.header.token",
            "identity_validation_expression": "",
            "name": "authorization",
            "provider_arns": [],
            "rest_api_id": "7vyi67gjae",
            "type": "TOKEN"
          },
          "sensitive_attributes": [],
          "private": "bnVsbA==",
          "dependencies": [
            "module.apigateway.aws_api_gateway_rest_api.api",
            "module.cognito.aws_cognito_user_pool.user_pool",
            "module.lambda.aws_lambda_function.authorization",
            "module.lambda.data.aws_iam_role.labrole"
          ]
        }
      ]
    },
    {
      "module": "module.apigateway",
      "mode": "managed",
      "type": "aws_api_gateway_deployment",
      "name": "deployment",
      "provider": "provider[\"registry.terraform.io/hashicorp/aws\"]",
      "instances": [
        {
          "schema_version": 0,
          "attributes": {
            "canary_settings": [],
            "created_date": "2024-11-18T21:20:31Z",
            "description": "",
            "execution_arn": "arn:aws:execute-api:us-east-1:207151609511:7vyi67gjae/dev",
            "id": "eotutb",
            "invoke_url": "https://7vyi67gjae.execute-api.us-east-1.amazonaws.com/dev",
            "rest_api_id": "7vyi67gjae",
            "stage_description": null,
            "stage_name": "dev",
            "triggers": null,
            "variables": null
          },
          "sensitive_attributes": [],
          "private": "bnVsbA==",
          "dependencies": [
            "module.apigateway.aws_api_gateway_authorizer.lambda_authorizer",
            "module.apigateway.aws_api_gateway_integration.auth_proxy_integration",
            "module.apigateway.aws_api_gateway_integration.public_proxy_integration",
            "module.apigateway.aws_api_gateway_method.auth_proxy_any",
            "module.apigateway.aws_api_gateway_method.public_proxy_orders",
            "module.apigateway.aws_api_gateway_resource.auth",
            "module.apigateway.aws_api_gateway_resource.auth_proxy",
            "module.apigateway.aws_api_gateway_resource.public",
            "module.apigateway.aws_api_gateway_resource.public_orders",
            "module.apigateway.aws_api_gateway_rest_api.api",
            "module.cognito.aws_cognito_user_pool.user_pool",
            "module.lambda.aws_lambda_function.authorization",
            "module.lambda.data.aws_iam_role.labrole"
          ]
        }
      ]
    },
    {
      "module": "module.apigateway",
      "mode": "managed",
      "type": "aws_api_gateway_integration",
      "name": "auth_proxy_integration",
      "provider": "provider[\"registry.terraform.io/hashicorp/aws\"]",
      "instances": [
        {
          "schema_version": 0,
          "attributes": {
            "cache_key_parameters": [],
            "cache_namespace": "jatke1",
            "connection_id": "",
            "connection_type": "INTERNET",
            "content_handling": "",
            "credentials": "",
            "http_method": "ANY",
            "id": "agi-7vyi67gjae-jatke1-ANY",
            "integration_http_method": "ANY",
            "passthrough_behavior": "WHEN_NO_MATCH",
            "request_parameters": {
              "integration.request.header.user": "context.authorizer.user",
              "integration.request.path.proxy": "method.request.path.proxy"
            },
            "request_templates": {},
            "resource_id": "jatke1",
            "rest_api_id": "7vyi67gjae",
            "timeout_milliseconds": 29000,
            "tls_config": [],
            "type": "HTTP",
            "uri": "https://teste.com.br/{proxy}"
          },
          "sensitive_attributes": [],
          "private": "bnVsbA==",
          "dependencies": [
            "module.apigateway.aws_api_gateway_authorizer.lambda_authorizer",
            "module.apigateway.aws_api_gateway_method.auth_proxy_any",
            "module.apigateway.aws_api_gateway_resource.auth",
            "module.apigateway.aws_api_gateway_resource.auth_proxy",
            "module.apigateway.aws_api_gateway_rest_api.api",
            "module.cognito.aws_cognito_user_pool.user_pool",
            "module.lambda.aws_lambda_function.authorization",
            "module.lambda.data.aws_iam_role.labrole"
          ]
        }
      ]
    },
    {
      "module": "module.apigateway",
      "mode": "managed",
      "type": "aws_api_gateway_integration",
      "name": "public_payment_integration",
      "provider": "provider[\"registry.terraform.io/hashicorp/aws\"]",
      "instances": [
        {
          "schema_version": 0,
          "attributes": {
            "cache_key_parameters": [],
            "cache_namespace": "1tuy24",
            "connection_id": "",
            "connection_type": "INTERNET",
            "content_handling": "",
            "credentials": "",
            "http_method": "POST",
            "id": "agi-7vyi67gjae-1tuy24-POST",
            "integration_http_method": "POST",
            "passthrough_behavior": "WHEN_NO_MATCH",
            "request_parameters": {},
            "request_templates": {},
            "resource_id": "1tuy24",
            "rest_api_id": "7vyi67gjae",
            "timeout_milliseconds": 29000,
            "tls_config": [],
            "type": "HTTP",
            "uri": "https://teste.com.br/webhook"
          },
          "sensitive_attributes": [],
          "private": "bnVsbA==",
          "dependencies": [
            "module.apigateway.aws_api_gateway_method.public_proxy_payment",
            "module.apigateway.aws_api_gateway_resource.public",
            "module.apigateway.aws_api_gateway_resource.public_payment",
            "module.apigateway.aws_api_gateway_rest_api.api"
          ]
        }
      ]
    },
    {
      "module": "module.apigateway",
      "mode": "managed",
      "type": "aws_api_gateway_integration",
      "name": "public_proxy_integration",
      "provider": "provider[\"registry.terraform.io/hashicorp/aws\"]",
      "instances": [
        {
          "schema_version": 0,
          "attributes": {
            "cache_key_parameters": [],
            "cache_namespace": "n8phl3",
            "connection_id": "",
            "connection_type": "INTERNET",
            "content_handling": "",
            "credentials": "",
            "http_method": "POST",
            "id": "agi-7vyi67gjae-n8phl3-POST",
            "integration_http_method": "POST",
            "passthrough_behavior": "WHEN_NO_MATCH",
            "request_parameters": {
              "integration.request.header.user": "context.authorizer.user",
              "integration.request.path.proxy": "method.request.path.proxy"
            },
            "request_templates": {},
            "resource_id": "n8phl3",
            "rest_api_id": "7vyi67gjae",
            "timeout_milliseconds": 29000,
            "tls_config": [],
            "type": "HTTP",
            "uri": "https://teste.com.br/orders"
          },
          "sensitive_attributes": [],
          "private": "bnVsbA==",
          "dependencies": [
            "module.apigateway.aws_api_gateway_authorizer.lambda_authorizer",
            "module.apigateway.aws_api_gateway_method.public_proxy_orders",
            "module.apigateway.aws_api_gateway_resource.public",
            "module.apigateway.aws_api_gateway_resource.public_orders",
            "module.apigateway.aws_api_gateway_rest_api.api",
            "module.cognito.aws_cognito_user_pool.user_pool",
            "module.lambda.aws_lambda_function.authorization",
            "module.lambda.data.aws_iam_role.labrole"
          ]
        }
      ]
    },
    {
      "module": "module.apigateway",
      "mode": "managed",
      "type": "aws_api_gateway_method",
      "name": "auth_proxy_any",
      "provider": "provider[\"registry.terraform.io/hashicorp/aws\"]",
      "instances": [
        {
          "schema_version": 0,
          "attributes": {
            "api_key_required": false,
            "authorization": "CUSTOM",
            "authorization_scopes": [],
            "authorizer_id": "rz0ja2",
            "http_method": "ANY",
            "id": "agm-7vyi67gjae-jatke1-ANY",
            "operation_name": "",
            "request_models": {},
            "request_parameters": {
              "method.request.path.proxy": true
            },
            "request_validator_id": "",
            "resource_id": "jatke1",
            "rest_api_id": "7vyi67gjae"
          },
          "sensitive_attributes": [],
          "private": "bnVsbA==",
          "dependencies": [
            "module.apigateway.aws_api_gateway_authorizer.lambda_authorizer",
            "module.apigateway.aws_api_gateway_resource.auth",
            "module.apigateway.aws_api_gateway_resource.auth_proxy",
            "module.apigateway.aws_api_gateway_rest_api.api",
            "module.cognito.aws_cognito_user_pool.user_pool",
            "module.lambda.aws_lambda_function.authorization",
            "module.lambda.data.aws_iam_role.labrole"
          ]
        }
      ]
    },
    {
      "module": "module.apigateway",
      "mode": "managed",
      "type": "aws_api_gateway_method",
      "name": "public_proxy_orders",
      "provider": "provider[\"registry.terraform.io/hashicorp/aws\"]",
      "instances": [
        {
          "schema_version": 0,
          "attributes": {
            "api_key_required": false,
            "authorization": "CUSTOM",
            "authorization_scopes": [],
            "authorizer_id": "rz0ja2",
            "http_method": "POST",
            "id": "agm-7vyi67gjae-n8phl3-POST",
            "operation_name": "",
            "request_models": {},
            "request_parameters": {
              "method.request.path.proxy": true
            },
            "request_validator_id": "",
            "resource_id": "n8phl3",
            "rest_api_id": "7vyi67gjae"
          },
          "sensitive_attributes": [],
          "private": "bnVsbA==",
          "dependencies": [
            "module.apigateway.aws_api_gateway_authorizer.lambda_authorizer",
            "module.apigateway.aws_api_gateway_resource.public",
            "module.apigateway.aws_api_gateway_resource.public_orders",
            "module.apigateway.aws_api_gateway_rest_api.api",
            "module.cognito.aws_cognito_user_pool.user_pool",
            "module.lambda.aws_lambda_function.authorization",
            "module.lambda.data.aws_iam_role.labrole"
          ]
        }
      ]
    },
    {
      "module": "module.apigateway",
      "mode": "managed",
      "type": "aws_api_gateway_method",
      "name": "public_proxy_payment",
      "provider": "provider[\"registry.terraform.io/hashicorp/aws\"]",
      "instances": [
        {
          "schema_version": 0,
          "attributes": {
            "api_key_required": false,
            "authorization": "NONE",
            "authorization_scopes": [],
            "authorizer_id": "",
            "http_method": "POST",
            "id": "agm-7vyi67gjae-1tuy24-POST",
            "operation_name": "",
            "request_models": {},
            "request_parameters": {},
            "request_validator_id": "",
            "resource_id": "1tuy24",
            "rest_api_id": "7vyi67gjae"
          },
          "sensitive_attributes": [],
          "private": "bnVsbA==",
          "dependencies": [
            "module.apigateway.aws_api_gateway_resource.public",
            "module.apigateway.aws_api_gateway_resource.public_payment",
            "module.apigateway.aws_api_gateway_rest_api.api"
          ]
        }
      ]
    },
    {
      "module": "module.apigateway",
      "mode": "managed",
      "type": "aws_api_gateway_resource",
      "name": "auth",
      "provider": "provider[\"registry.terraform.io/hashicorp/aws\"]",
      "instances": [
        {
          "schema_version": 0,
          "attributes": {
            "id": "lb9lgr",
            "parent_id": "uvmb0amgl1",
            "path": "/auth",
            "path_part": "auth",
            "rest_api_id": "7vyi67gjae"
          },
          "sensitive_attributes": [],
          "private": "bnVsbA==",
          "dependencies": [
            "module.apigateway.aws_api_gateway_rest_api.api"
          ]
        }
      ]
    },
    {
      "module": "module.apigateway",
      "mode": "managed",
      "type": "aws_api_gateway_resource",
      "name": "auth_proxy",
      "provider": "provider[\"registry.terraform.io/hashicorp/aws\"]",
      "instances": [
        {
          "schema_version": 0,
          "attributes": {
            "id": "jatke1",
            "parent_id": "lb9lgr",
            "path": "/auth/{proxy+}",
            "path_part": "{proxy+}",
            "rest_api_id": "7vyi67gjae"
          },
          "sensitive_attributes": [],
          "private": "bnVsbA==",
          "dependencies": [
            "module.apigateway.aws_api_gateway_resource.auth",
            "module.apigateway.aws_api_gateway_rest_api.api"
          ]
        }
      ]
    },
    {
      "module": "module.apigateway",
      "mode": "managed",
      "type": "aws_api_gateway_resource",
      "name": "public",
      "provider": "provider[\"registry.terraform.io/hashicorp/aws\"]",
      "instances": [
        {
          "schema_version": 0,
          "attributes": {
            "id": "eyu9c0",
            "parent_id": "uvmb0amgl1",
            "path": "/public",
            "path_part": "public",
            "rest_api_id": "7vyi67gjae"
          },
          "sensitive_attributes": [],
          "private": "bnVsbA==",
          "dependencies": [
            "module.apigateway.aws_api_gateway_rest_api.api"
          ]
        }
      ]
    },
    {
      "module": "module.apigateway",
      "mode": "managed",
      "type": "aws_api_gateway_resource",
      "name": "public_orders",
      "provider": "provider[\"registry.terraform.io/hashicorp/aws\"]",
      "instances": [
        {
          "schema_version": 0,
          "attributes": {
            "id": "n8phl3",
            "parent_id": "eyu9c0",
            "path": "/public/orders",
            "path_part": "orders",
            "rest_api_id": "7vyi67gjae"
          },
          "sensitive_attributes": [],
          "private": "bnVsbA==",
          "dependencies": [
            "module.apigateway.aws_api_gateway_resource.public",
            "module.apigateway.aws_api_gateway_rest_api.api"
          ]
        }
      ]
    },
    {
      "module": "module.apigateway",
      "mode": "managed",
      "type": "aws_api_gateway_resource",
      "name": "public_payment",
      "provider": "provider[\"registry.terraform.io/hashicorp/aws\"]",
      "instances": [
        {
          "schema_version": 0,
          "attributes": {
            "id": "1tuy24",
            "parent_id": "eyu9c0",
            "path": "/public/payment",
            "path_part": "payment",
            "rest_api_id": "7vyi67gjae"
          },
          "sensitive_attributes": [],
          "private": "bnVsbA==",
          "dependencies": [
            "module.apigateway.aws_api_gateway_resource.public",
            "module.apigateway.aws_api_gateway_rest_api.api"
          ]
        }
      ]
    },
    {
      "module": "module.apigateway",
      "mode": "managed",
      "type": "aws_api_gateway_rest_api",
      "name": "api",
      "provider": "provider[\"registry.terraform.io/hashicorp/aws\"]",
      "instances": [
        {
          "schema_version": 0,
          "attributes": {
            "api_key_source": "HEADER",
            "arn": "arn:aws:apigateway:us-east-1::/restapis/7vyi67gjae",
            "binary_media_types": [],
            "body": null,
            "created_date": "2024-11-18T21:20:18Z",
            "description": "API Gateway fiap-8soat com rotas /auth e /public",
            "disable_execute_api_endpoint": false,
            "endpoint_configuration": [
              {
                "types": [
                  "EDGE"
                ],
                "vpc_endpoint_ids": []
              }
            ],
            "execution_arn": "arn:aws:execute-api:us-east-1:207151609511:7vyi67gjae",
            "fail_on_warnings": null,
            "id": "7vyi67gjae",
            "minimum_compression_size": "",
            "name": "fiap-8soat",
            "parameters": null,
            "policy": "",
            "put_rest_api_mode": null,
            "root_resource_id": "uvmb0amgl1",
            "tags": {},
            "tags_all": {}
          },
          "sensitive_attributes": [],
          "private": "bnVsbA=="
        }
      ]
    },
    {
      "module": "module.cognito",
      "mode": "managed",
      "type": "aws_cognito_user",
      "name": "example_user",
      "provider": "provider[\"registry.terraform.io/hashicorp/aws\"]",
      "instances": [
        {
          "schema_version": 0,
          "attributes": {
            "attributes": {
              "email": "edsontecno@gmail.com",
              "phone_number": "+55619812345667",
              "sub": "64082498-e011-70ff-caf2-ae9108fae8e7"
            },
            "client_metadata": null,
            "creation_date": "2024-11-18T21:20:20Z",
            "desired_delivery_mediums": [
              "EMAIL"
            ],
            "enabled": true,
            "force_alias_creation": false,
            "id": "us-east-1_dNG8itKVt/34182012020",
            "last_modified_date": "2024-11-18T21:20:20Z",
            "message_action": "SUPPRESS",
            "mfa_setting_list": [],
            "password": null,
            "preferred_mfa_setting": "",
            "status": "FORCE_CHANGE_PASSWORD",
            "sub": "64082498-e011-70ff-caf2-ae9108fae8e7",
            "temporary_password": "12345678!",
            "user_pool_id": "us-east-1_dNG8itKVt",
            "username": "34182012020",
            "validation_data": null
          },
          "sensitive_attributes": [
            [
              {
                "type": "get_attr",
                "value": "password"
              }
            ],
            [
              {
                "type": "get_attr",
                "value": "temporary_password"
              }
            ]
          ],
          "private": "bnVsbA==",
          "dependencies": [
            "module.cognito.aws_cognito_user_pool.user_pool"
          ]
        }
      ]
    },
    {
      "module": "module.cognito",
      "mode": "managed",
      "type": "aws_cognito_user_pool",
      "name": "user_pool",
      "provider": "provider[\"registry.terraform.io/hashicorp/aws\"]",
      "instances": [
        {
          "schema_version": 0,
          "attributes": {
            "account_recovery_setting": [
              {
                "recovery_mechanism": [
                  {
                    "name": "verified_email",
                    "priority": 1
                  },
                  {
                    "name": "verified_phone_number",
                    "priority": 2
                  }
                ]
              }
            ],
            "admin_create_user_config": [
              {
                "allow_admin_create_user_only": true,
                "invite_message_template": []
              }
            ],
            "alias_attributes": [
              "email"
            ],
            "arn": "arn:aws:cognito-idp:us-east-1:207151609511:userpool/us-east-1_dNG8itKVt",
            "auto_verified_attributes": [
              "email"
            ],
            "creation_date": "2024-11-18T21:20:19Z",
            "custom_domain": "",
            "deletion_protection": "INACTIVE",
            "device_configuration": [],
            "domain": "",
            "email_configuration": [
              {
                "configuration_set": "",
                "email_sending_account": "COGNITO_DEFAULT",
                "from_email_address": "",
                "reply_to_email_address": "",
                "source_arn": ""
              }
            ],
            "email_verification_message": "Seu código de verificação é {####}.",
            "email_verification_subject": "Confirmação de email",
            "endpoint": "cognito-idp.us-east-1.amazonaws.com/us-east-1_dNG8itKVt",
            "estimated_number_of_users": 1,
            "id": "us-east-1_dNG8itKVt",
            "lambda_config": [],
            "last_modified_date": "2024-11-18T21:20:19Z",
            "mfa_configuration": "OFF",
            "name": "usuarios_fiap",
            "password_policy": [
              {
                "minimum_length": 6,
                "password_history_size": 0,
                "require_lowercase": false,
                "require_numbers": false,
                "require_symbols": false,
                "require_uppercase": false,
                "temporary_password_validity_days": 7
              }
            ],
            "schema": [
              {
                "attribute_data_type": "String",
                "developer_only_attribute": false,
                "mutable": true,
                "name": "email",
                "number_attribute_constraints": [],
                "required": true,
                "string_attribute_constraints": []
              }
            ],
            "sms_authentication_message": "",
            "sms_configuration": [],
            "sms_verification_message": "",
            "software_token_mfa_configuration": [],
            "tags": {},
            "tags_all": {},
            "user_attribute_update_settings": [],
            "user_pool_add_ons": [],
            "username_attributes": [],
            "username_configuration": [],
            "verification_message_template": [
              {
                "default_email_option": "CONFIRM_WITH_CODE",
                "email_message": "Seu código de verificação é {####}.",
                "email_message_by_link": "",
                "email_subject": "Confirmação de email",
                "email_subject_by_link": "",
                "sms_message": ""
              }
            ]
          },
          "sensitive_attributes": [],
          "private": "bnVsbA=="
        }
      ]
    },
    {
      "module": "module.cognito",
      "mode": "managed",
      "type": "aws_cognito_user_pool_client",
      "name": "user_pool_client",
      "provider": "provider[\"registry.terraform.io/hashicorp/aws\"]",
      "instances": [
        {
          "schema_version": 0,
          "attributes": {
            "access_token_validity": 0,
            "allowed_oauth_flows": [],
            "allowed_oauth_flows_user_pool_client": false,
            "allowed_oauth_scopes": [],
            "analytics_configuration": [],
            "auth_session_validity": 3,
            "callback_urls": [],
            "client_secret": "h72mae0fd22q3nebi0k5gtrvedtndaoeemcps11c2obl3gccu0s",
            "default_redirect_uri": "",
            "enable_propagate_additional_user_context_data": false,
            "enable_token_revocation": true,
            "explicit_auth_flows": [
              "ALLOW_CUSTOM_AUTH",
              "ALLOW_REFRESH_TOKEN_AUTH",
              "ALLOW_USER_PASSWORD_AUTH"
            ],
            "generate_secret": true,
            "id": "6dqi4d7utipes0qrob05o61qeu",
            "id_token_validity": 0,
            "logout_urls": [],
            "name": "usuarios_fiap_client",
            "prevent_user_existence_errors": "",
            "read_attributes": [],
            "refresh_token_validity": 30,
            "supported_identity_providers": [],
            "token_validity_units": [],
            "user_pool_id": "us-east-1_dNG8itKVt",
            "write_attributes": []
          },
          "sensitive_attributes": [
            [
              {
                "type": "get_attr",
                "value": "client_secret"
              }
            ]
          ],
          "dependencies": [
            "module.cognito.aws_cognito_user_pool.user_pool"
          ]
        }
      ]
    },
    {
      "module": "module.lambda",
      "mode": "data",
      "type": "aws_iam_role",
      "name": "labrole",
      "provider": "provider[\"registry.terraform.io/hashicorp/aws\"]",
      "instances": [
        {
          "schema_version": 0,
          "attributes": {
            "arn": "arn:aws:iam::207151609511:role/LabRole",
            "assume_role_policy": "{\"Version\":\"2012-10-17\",\"Statement\":[{\"Effect\":\"Allow\",\"Principal\":{\"Service\":[\"servicecatalog.amazonaws.com\",\"rds.amazonaws.com\",\"kinesisanalytics.amazonaws.com\",\"pipes.amazonaws.com\",\"forecast.amazonaws.com\",\"kinesis.amazonaws.com\",\"cognito-idp.amazonaws.com\",\"dynamodb.amazonaws.com\",\"deepracer.amazonaws.com\",\"databrew.amazonaws.com\",\"eks-fargate-pods.amazonaws.com\",\"backup.amazonaws.com\",\"elasticmapreduce.amazonaws.com\",\"scheduler.amazonaws.com\",\"autoscaling.amazonaws.com\",\"batch.amazonaws.com\",\"states.amazonaws.com\",\"iotevents.amazonaws.com\",\"codecommit.amazonaws.com\",\"ecs-tasks.amazonaws.com\",\"cloudtrail.amazonaws.com\",\"logs.amazonaws.com\",\"elasticbeanstalk.amazonaws.com\",\"firehose.amazonaws.com\",\"events.amazonaws.com\",\"sqs.amazonaws.com\",\"codewhisperer.amazonaws.com\",\"secretsmanager.amazonaws.com\",\"cloud9.amazonaws.com\",\"athena.amazonaws.com\",\"redshift.amazonaws.com\",\"credentials.iot.amazonaws.com\",\"ssm.amazonaws.com\",\"ec2.amazonaws.com\",\"glue.amazonaws.com\",\"kms.amazonaws.com\",\"resource-groups.amazonaws.com\",\"ec2.application-autoscaling.amazonaws.com\",\"iot.amazonaws.com\",\"sagemaker.amazonaws.com\",\"cloudformation.amazonaws.com\",\"elasticloadbalancing.amazonaws.com\",\"iotanalytics.amazonaws.com\",\"sns.amazonaws.com\",\"lambda.amazonaws.com\",\"s3.amazonaws.com\",\"ecs.amazonaws.com\",\"application-autoscaling.amazonaws.com\",\"eks.amazonaws.com\",\"apigateway.amazonaws.com\",\"codedeploy.amazonaws.com\",\"elasticfilesystem.amazonaws.com\",\"rekognition.amazonaws.com\"],\"AWS\":\"arn:aws:iam::207151609511:role/LabRole\"},\"Action\":\"sts:AssumeRole\"}]}",
            "create_date": "2024-11-07T19:52:07Z",
            "description": "",
            "id": "LabRole",
            "max_session_duration": 3600,
            "name": "LabRole",
            "path": "/",
            "permissions_boundary": "",
            "role_last_used": [
              {
                "last_used_date": "2024-11-18T19:42:10Z",
                "region": "us-east-1"
              }
            ],
            "tags": {
              "cloudlab": "c137866a3517877l8298660t1w207151609511"
            },
            "unique_id": "AROATAOZSW2TUDRH5ONOD"
          },
          "sensitive_attributes": []
        }
      ]
    },
    {
      "module": "module.lambda",
      "mode": "managed",
      "type": "aws_lambda_function",
      "name": "authorization",
      "provider": "provider[\"registry.terraform.io/hashicorp/aws\"]",
      "instances": [
        {
          "schema_version": 0,
          "attributes": {
            "architectures": [
              "x86_64"
            ],
            "arn": "arn:aws:lambda:us-east-1:207151609511:function:authorization",
            "code_sha256": "p1fhaQOOla/VHS85nY8XmyHq7MEpsoA4wvrvdJEQzNc=",
            "code_signing_config_arn": "",
            "dead_letter_config": [],
            "description": "",
            "environment": [
              {
                "variables": {
                  "REGION": "us-east-1",
                  "SECRET_KEY_CRYPTO": "SECRET_KEY",
                  "USER_POOL_ID": "us-east-1_dNG8itKVt"
                }
              }
            ],
            "ephemeral_storage": [
              {
                "size": 512
              }
            ],
            "file_system_config": [],
            "filename": "./lambda/lambda_function.zip",
            "function_name": "authorization",
            "handler": "authorization.lambda_handler",
            "id": "authorization",
            "image_config": [],
            "image_uri": "",
            "invoke_arn": "arn:aws:apigateway:us-east-1:lambda:path/2015-03-31/functions/arn:aws:lambda:us-east-1:207151609511:function:authorization/invocations",
            "kms_key_arn": "",
            "last_modified": "2024-11-18T21:20:22.701+0000",
            "layers": [],
            "logging_config": [
              {
                "application_log_level": "",
                "log_format": "Text",
                "log_group": "/aws/lambda/authorization",
                "system_log_level": ""
              }
            ],
            "memory_size": 128,
            "package_type": "Zip",
            "publish": false,
            "qualified_arn": "arn:aws:lambda:us-east-1:207151609511:function:authorization:$LATEST",
            "qualified_invoke_arn": "arn:aws:apigateway:us-east-1:lambda:path/2015-03-31/functions/arn:aws:lambda:us-east-1:207151609511:function:authorization:$LATEST/invocations",
            "replace_security_groups_on_destroy": null,
            "replacement_security_group_ids": null,
            "reserved_concurrent_executions": -1,
            "role": "arn:aws:iam::207151609511:role/LabRole",
            "runtime": "nodejs20.x",
            "s3_bucket": null,
            "s3_key": null,
            "s3_object_version": null,
            "signing_job_arn": "",
            "signing_profile_version_arn": "",
            "skip_destroy": false,
            "snap_start": [],
            "source_code_hash": "",
            "source_code_size": 5103674,
            "tags": {},
            "tags_all": {},
            "timeout": 3,
            "timeouts": null,
            "tracing_config": [
              {
                "mode": "PassThrough"
              }
            ],
            "version": "$LATEST",
            "vpc_config": []
          },
          "sensitive_attributes": [],
          "private": "eyJlMmJmYjczMC1lY2FhLTExZTYtOGY4OC0zNDM2M2JjN2M0YzAiOnsiY3JlYXRlIjo2MDAwMDAwMDAwMDAsImRlbGV0ZSI6NjAwMDAwMDAwMDAwLCJ1cGRhdGUiOjYwMDAwMDAwMDAwMH19",
          "dependencies": [
            "module.cognito.aws_cognito_user_pool.user_pool",
            "module.lambda.data.aws_iam_role.labrole"
          ]
        }
      ]
    }
  ],
  "check_results": null
}
